// !$*UTF8*$!
{
	archiveVersion = 1;
	classes = {
	};
	objectVersion = 56;
	objects = {

/* Begin PBXBuildFile section */
		0414D6382A8B90D0005294D5 /* CoinCurrencyViewModel.swift in Sources */ = {isa = PBXBuildFile; fileRef = 0414D6372A8B90D0005294D5 /* CoinCurrencyViewModel.swift */; };
		04A669842A893B2200F53E4E /* AppDelegate.swift in Sources */ = {isa = PBXBuildFile; fileRef = 04A669832A893B2200F53E4E /* AppDelegate.swift */; };
		04A669862A893B2200F53E4E /* SceneDelegate.swift in Sources */ = {isa = PBXBuildFile; fileRef = 04A669852A893B2200F53E4E /* SceneDelegate.swift */; };
		04A669882A893B2200F53E4E /* ViewController.swift in Sources */ = {isa = PBXBuildFile; fileRef = 04A669872A893B2200F53E4E /* ViewController.swift */; };
		04A6698B2A893B2200F53E4E /* Main.storyboard in Resources */ = {isa = PBXBuildFile; fileRef = 04A669892A893B2200F53E4E /* Main.storyboard */; };
		04A6698D2A893B2400F53E4E /* Assets.xcassets in Resources */ = {isa = PBXBuildFile; fileRef = 04A6698C2A893B2400F53E4E /* Assets.xcassets */; };
		04A669902A893B2400F53E4E /* LaunchScreen.storyboard in Resources */ = {isa = PBXBuildFile; fileRef = 04A6698E2A893B2400F53E4E /* LaunchScreen.storyboard */; };
		04AC7D312A8A462500C63A95 /* CoinManager.swift in Sources */ = {isa = PBXBuildFile; fileRef = 04AC7D302A8A462500C63A95 /* CoinManager.swift */; };
		04AC7D332A8A4A6F00C63A95 /* URLConstant.swift in Sources */ = {isa = PBXBuildFile; fileRef = 04AC7D322A8A4A6F00C63A95 /* URLConstant.swift */; };
		04AC7D352A8A9CF200C63A95 /* CoinModel.swift in Sources */ = {isa = PBXBuildFile; fileRef = 04AC7D342A8A9CF200C63A95 /* CoinModel.swift */; };
		04AC7D3A2A8A9EA300C63A95 /* NetworkManager.swift in Sources */ = {isa = PBXBuildFile; fileRef = 04AC7D392A8A9EA300C63A95 /* NetworkManager.swift */; };
		04AC7D3C2A8A9EBA00C63A95 /* NetworkError.swift in Sources */ = {isa = PBXBuildFile; fileRef = 04AC7D3B2A8A9EBA00C63A95 /* NetworkError.swift */; };
/* End PBXBuildFile section */

/* Begin PBXFileReference section */
		0414D6372A8B90D0005294D5 /* CoinCurrencyViewModel.swift */ = {isa = PBXFileReference; lastKnownFileType = sourcecode.swift; path = CoinCurrencyViewModel.swift; sourceTree = "<group>"; };
		04A669802A893B2200F53E4E /* Bitcoin Price Ticker_iOS.app */ = {isa = PBXFileReference; explicitFileType = wrapper.application; includeInIndex = 0; path = "Bitcoin Price Ticker_iOS.app"; sourceTree = BUILT_PRODUCTS_DIR; };
		04A669832A893B2200F53E4E /* AppDelegate.swift */ = {isa = PBXFileReference; lastKnownFileType = sourcecode.swift; path = AppDelegate.swift; sourceTree = "<group>"; };
		04A669852A893B2200F53E4E /* SceneDelegate.swift */ = {isa = PBXFileReference; lastKnownFileType = sourcecode.swift; path = SceneDelegate.swift; sourceTree = "<group>"; };
		04A669872A893B2200F53E4E /* ViewController.swift */ = {isa = PBXFileReference; lastKnownFileType = sourcecode.swift; path = ViewController.swift; sourceTree = "<group>"; };
		04A6698A2A893B2200F53E4E /* Base */ = {isa = PBXFileReference; lastKnownFileType = file.storyboard; name = Base; path = Base.lproj/Main.storyboard; sourceTree = "<group>"; };
		04A6698C2A893B2400F53E4E /* Assets.xcassets */ = {isa = PBXFileReference; lastKnownFileType = folder.assetcatalog; path = Assets.xcassets; sourceTree = "<group>"; };
		04A6698F2A893B2400F53E4E /* Base */ = {isa = PBXFileReference; lastKnownFileType = file.storyboard; name = Base; path = Base.lproj/LaunchScreen.storyboard; sourceTree = "<group>"; };
		04A669912A893B2400F53E4E /* Info.plist */ = {isa = PBXFileReference; lastKnownFileType = text.plist.xml; path = Info.plist; sourceTree = "<group>"; };
		04AC7D302A8A462500C63A95 /* CoinManager.swift */ = {isa = PBXFileReference; lastKnownFileType = sourcecode.swift; path = CoinManager.swift; sourceTree = "<group>"; };
		04AC7D322A8A4A6F00C63A95 /* URLConstant.swift */ = {isa = PBXFileReference; lastKnownFileType = sourcecode.swift; path = URLConstant.swift; sourceTree = "<group>"; };
		04AC7D342A8A9CF200C63A95 /* CoinModel.swift */ = {isa = PBXFileReference; lastKnownFileType = sourcecode.swift; path = CoinModel.swift; sourceTree = "<group>"; };
		04AC7D392A8A9EA300C63A95 /* NetworkManager.swift */ = {isa = PBXFileReference; lastKnownFileType = sourcecode.swift; path = NetworkManager.swift; sourceTree = "<group>"; };
		04AC7D3B2A8A9EBA00C63A95 /* NetworkError.swift */ = {isa = PBXFileReference; lastKnownFileType = sourcecode.swift; path = NetworkError.swift; sourceTree = "<group>"; };
/* End PBXFileReference section */

/* Begin PBXFrameworksBuildPhase section */
		04A6697D2A893B2200F53E4E /* Frameworks */ = {
			isa = PBXFrameworksBuildPhase;
			buildActionMask = 2147483647;
			files = (
			);
			runOnlyForDeploymentPostprocessing = 0;
		};
/* End PBXFrameworksBuildPhase section */

/* Begin PBXGroup section */
		0414D6332A8B901F005294D5 /* Screens */ = {
			isa = PBXGroup;
			children = (
				0414D6362A8B903B005294D5 /* Model */,
				0414D6352A8B9038005294D5 /* View */,
				0414D6342A8B9035005294D5 /* ViewModel */,
			);
			path = Screens;
			sourceTree = "<group>";
		};
		0414D6342A8B9035005294D5 /* ViewModel */ = {
			isa = PBXGroup;
			children = (
				0414D6372A8B90D0005294D5 /* CoinCurrencyViewModel.swift */,
			);
			path = ViewModel;
			sourceTree = "<group>";
		};
		0414D6352A8B9038005294D5 /* View */ = {
			isa = PBXGroup;
			children = (
				04A669872A893B2200F53E4E /* ViewController.swift */,
			);
			path = View;
			sourceTree = "<group>";
		};
		0414D6362A8B903B005294D5 /* Model */ = {
			isa = PBXGroup;
			children = (
				04AC7D342A8A9CF200C63A95 /* CoinModel.swift */,
				04AC7D302A8A462500C63A95 /* CoinManager.swift */,
			);
			path = Model;
			sourceTree = "<group>";
		};
		0414D6392A8B90E3005294D5 /* Storyboard */ = {
			isa = PBXGroup;
			children = (
				04A669892A893B2200F53E4E /* Main.storyboard */,
				04A6698E2A893B2400F53E4E /* LaunchScreen.storyboard */,
			);
			path = Storyboard;
			sourceTree = "<group>";
		};
		04A669772A893B2200F53E4E = {
			isa = PBXGroup;
			children = (
				04A669822A893B2200F53E4E /* Bitcoin Price Ticker_iOS */,
				04A669812A893B2200F53E4E /* Products */,
			);
			sourceTree = "<group>";
		};
		04A669812A893B2200F53E4E /* Products */ = {
			isa = PBXGroup;
			children = (
				04A669802A893B2200F53E4E /* Bitcoin Price Ticker_iOS.app */,
			);
			name = Products;
			sourceTree = "<group>";
		};
		04A669822A893B2200F53E4E /* Bitcoin Price Ticker_iOS */ = {
			isa = PBXGroup;
			children = (
				04AC7D362A8A9E3300C63A95 /* Application */,
				04AC7D372A8A9E5100C63A95 /* Constant */,
				04AC7D382A8A9E7300C63A95 /* Network Manager */,
				0414D6332A8B901F005294D5 /* Screens */,
				0414D6392A8B90E3005294D5 /* Storyboard */,
				04A6698C2A893B2400F53E4E /* Assets.xcassets */,
				04A669912A893B2400F53E4E /* Info.plist */,
			);
			path = "Bitcoin Price Ticker_iOS";
			sourceTree = "<group>";
		};
		04AC7D362A8A9E3300C63A95 /* Application */ = {
			isa = PBXGroup;
			children = (
				04A669832A893B2200F53E4E /* AppDelegate.swift */,
				04A669852A893B2200F53E4E /* SceneDelegate.swift */,
			);
			path = Application;
			sourceTree = "<group>";
		};
		04AC7D372A8A9E5100C63A95 /* Constant */ = {
			isa = PBXGroup;
			children = (
				04AC7D322A8A4A6F00C63A95 /* URLConstant.swift */,
			);
			path = Constant;
			sourceTree = "<group>";
		};
		04AC7D382A8A9E7300C63A95 /* Network Manager */ = {
			isa = PBXGroup;
			children = (
				04AC7D392A8A9EA300C63A95 /* NetworkManager.swift */,
				04AC7D3B2A8A9EBA00C63A95 /* NetworkError.swift */,
			);
			path = "Network Manager";
			sourceTree = "<group>";
		};
/* End PBXGroup section */

/* Begin PBXNativeTarget section */
		04A6697F2A893B2200F53E4E /* Bitcoin Price Ticker_iOS */ = {
			isa = PBXNativeTarget;
			buildConfigurationList = 04A669942A893B2400F53E4E /* Build configuration list for PBXNativeTarget "Bitcoin Price Ticker_iOS" */;
			buildPhases = (
				04A6697C2A893B2200F53E4E /* Sources */,
				04A6697D2A893B2200F53E4E /* Frameworks */,
				04A6697E2A893B2200F53E4E /* Resources */,
			);
			buildRules = (
			);
			dependencies = (
			);
			name = "Bitcoin Price Ticker_iOS";
			productName = "Bitcoin Price Ticker_iOS";
			productReference = 04A669802A893B2200F53E4E /* Bitcoin Price Ticker_iOS.app */;
			productType = "com.apple.product-type.application";
		};
/* End PBXNativeTarget section */

/* Begin PBXProject section */
		04A669782A893B2200F53E4E /* Project object */ = {
			isa = PBXProject;
			attributes = {
				BuildIndependentTargetsInParallel = 1;
				LastSwiftUpdateCheck = 1410;
				LastUpgradeCheck = 1410;
				TargetAttributes = {
					04A6697F2A893B2200F53E4E = {
						CreatedOnToolsVersion = 14.1;
					};
				};
			};
			buildConfigurationList = 04A6697B2A893B2200F53E4E /* Build configuration list for PBXProject "Bitcoin Price Ticker_iOS" */;
			compatibilityVersion = "Xcode 14.0";
			developmentRegion = en;
			hasScannedForEncodings = 0;
			knownRegions = (
				en,
				Base,
			);
			mainGroup = 04A669772A893B2200F53E4E;
			productRefGroup = 04A669812A893B2200F53E4E /* Products */;
			projectDirPath = "";
			projectRoot = "";
			targets = (
				04A6697F2A893B2200F53E4E /* Bitcoin Price Ticker_iOS */,
			);
		};
/* End PBXProject section */

/* Begin PBXResourcesBuildPhase section */
		04A6697E2A893B2200F53E4E /* Resources */ = {
			isa = PBXResourcesBuildPhase;
			buildActionMask = 2147483647;
			files = (
				04A669902A893B2400F53E4E /* LaunchScreen.storyboard in Resources */,
				04A6698D2A893B2400F53E4E /* Assets.xcassets in Resources */,
				04A6698B2A893B2200F53E4E /* Main.storyboard in Resources */,
			);
			runOnlyForDeploymentPostprocessing = 0;
		};
/* End PBXResourcesBuildPhase section */

/* Begin PBXSourcesBuildPhase section */
		04A6697C2A893B2200F53E4E /* Sources */ = {
			isa = PBXSourcesBuildPhase;
			buildActionMask = 2147483647;
			files = (
				04AC7D312A8A462500C63A95 /* CoinManager.swift in Sources */,
				04AC7D3C2A8A9EBA00C63A95 /* NetworkError.swift in Sources */,
				04A669882A893B2200F53E4E /* ViewController.swift in Sources */,
				04A669842A893B2200F53E4E /* AppDelegate.swift in Sources */,
				04AC7D3A2A8A9EA300C63A95 /* NetworkManager.swift in Sources */,
				04AC7D332A8A4A6F00C63A95 /* URLConstant.swift in Sources */,
				0414D6382A8B90D0005294D5 /* CoinCurrencyViewModel.swift in Sources */,
				04AC7D352A8A9CF200C63A95 /* CoinModel.swift in Sources */,
				04A669862A893B2200F53E4E /* SceneDelegate.swift in Sources */,
			);
			runOnlyForDeploymentPostprocessing = 0;
		};
/* End PBXSourcesBuildPhase section */

/* Begin PBXVariantGroup section */
		04A669892A893B2200F53E4E /* Main.storyboard */ = {
			isa = PBXVariantGroup;
			children = (
				04A6698A2A893B2200F53E4E /* Base */,
			);
			name = Main.storyboard;
			sourceTree = "<group>";
		};
		04A6698E2A893B2400F53E4E /* LaunchScreen.storyboard */ = {
			isa = PBXVariantGroup;
			children = (
				04A6698F2A893B2400F53E4E /* Base */,
			);
			name = LaunchScreen.storyboard;
			sourceTree = "<group>";
		};
/* End PBXVariantGroup section */

/* Begin XCBuildConfiguration section */
		04A669922A893B2400F53E4E /* Debug */ = {
			isa = XCBuildConfiguration;
			buildSettings = {
				ALWAYS_SEARCH_USER_PATHS = NO;
				CLANG_ANALYZER_NONNULL = YES;
				CLANG_ANALYZER_NUMBER_OBJECT_CONVERSION = YES_AGGRESSIVE;
				CLANG_CXX_LANGUAGE_STANDARD = "gnu++20";
				CLANG_ENABLE_MODULES = YES;
				CLANG_ENABLE_OBJC_ARC = YES;
				CLANG_ENABLE_OBJC_WEAK = YES;
				CLANG_WARN_BLOCK_CAPTURE_AUTORELEASING = YES;
				CLANG_WARN_BOOL_CONVERSION = YES;
				CLANG_WARN_COMMA = YES;
				CLANG_WARN_CONSTANT_CONVERSION = YES;
				CLANG_WARN_DEPRECATED_OBJC_IMPLEMENTATIONS = YES;
				CLANG_WARN_DIRECT_OBJC_ISA_USAGE = YES_ERROR;
				CLANG_WARN_DOCUMENTATION_COMMENTS = YES;
				CLANG_WARN_EMPTY_BODY = YES;
				CLANG_WARN_ENUM_CONVERSION = YES;
				CLANG_WARN_INFINITE_RECURSION = YES;
				CLANG_WARN_INT_CONVERSION = YES;
				CLANG_WARN_NON_LITERAL_NULL_CONVERSION = YES;
				CLANG_WARN_OBJC_IMPLICIT_RETAIN_SELF = YES;
				CLANG_WARN_OBJC_LITERAL_CONVERSION = YES;
				CLANG_WARN_OBJC_ROOT_CLASS = YES_ERROR;
				CLANG_WARN_QUOTED_INCLUDE_IN_FRAMEWORK_HEADER = YES;
				CLANG_WARN_RANGE_LOOP_ANALYSIS = YES;
				CLANG_WARN_STRICT_PROTOTYPES = YES;
				CLANG_WARN_SUSPICIOUS_MOVE = YES;
				CLANG_WARN_UNGUARDED_AVAILABILITY = YES_AGGRESSIVE;
				CLANG_WARN_UNREACHABLE_CODE = YES;
				CLANG_WARN__DUPLICATE_METHOD_MATCH = YES;
				COPY_PHASE_STRIP = NO;
				DEBUG_INFORMATION_FORMAT = dwarf;
				ENABLE_STRICT_OBJC_MSGSEND = YES;
				ENABLE_TESTABILITY = YES;
				GCC_C_LANGUAGE_STANDARD = gnu11;
				GCC_DYNAMIC_NO_PIC = NO;
				GCC_NO_COMMON_BLOCKS = YES;
				GCC_OPTIMIZATION_LEVEL = 0;
				GCC_PREPROCESSOR_DEFINITIONS = (
					"DEBUG=1",
					"$(inherited)",
				);
				GCC_WARN_64_TO_32_BIT_CONVERSION = YES;
				GCC_WARN_ABOUT_RETURN_TYPE = YES_ERROR;
				GCC_WARN_UNDECLARED_SELECTOR = YES;
				GCC_WARN_UNINITIALIZED_AUTOS = YES_AGGRESSIVE;
				GCC_WARN_UNUSED_FUNCTION = YES;
				GCC_WARN_UNUSED_VARIABLE = YES;
				IPHONEOS_DEPLOYMENT_TARGET = 16.1;
				MTL_ENABLE_DEBUG_INFO = INCLUDE_SOURCE;
				MTL_FAST_MATH = YES;
				ONLY_ACTIVE_ARCH = YES;
				SDKROOT = iphoneos;
				SWIFT_ACTIVE_COMPILATION_CONDITIONS = DEBUG;
				SWIFT_OPTIMIZATION_LEVEL = "-Onone";
			};
			name = Debug;
		};
		04A669932A893B2400F53E4E /* Release */ = {
			isa = XCBuildConfiguration;
			buildSettings = {
				ALWAYS_SEARCH_USER_PATHS = NO;
				CLANG_ANALYZER_NONNULL = YES;
				CLANG_ANALYZER_NUMBER_OBJECT_CONVERSION = YES_AGGRESSIVE;
				CLANG_CXX_LANGUAGE_STANDARD = "gnu++20";
				CLANG_ENABLE_MODULES = YES;
				CLANG_ENABLE_OBJC_ARC = YES;
				CLANG_ENABLE_OBJC_WEAK = YES;
				CLANG_WARN_BLOCK_CAPTURE_AUTORELEASING = YES;
				CLANG_WARN_BOOL_CONVERSION = YES;
				CLANG_WARN_COMMA = YES;
				CLANG_WARN_CONSTANT_CONVERSION = YES;
				CLANG_WARN_DEPRECATED_OBJC_IMPLEMENTATIONS = YES;
				CLANG_WARN_DIRECT_OBJC_ISA_USAGE = YES_ERROR;
				CLANG_WARN_DOCUMENTATION_COMMENTS = YES;
				CLANG_WARN_EMPTY_BODY = YES;
				CLANG_WARN_ENUM_CONVERSION = YES;
				CLANG_WARN_INFINITE_RECURSION = YES;
				CLANG_WARN_INT_CONVERSION = YES;
				CLANG_WARN_NON_LITERAL_NULL_CONVERSION = YES;
				CLANG_WARN_OBJC_IMPLICIT_RETAIN_SELF = YES;
				CLANG_WARN_OBJC_LITERAL_CONVERSION = YES;
				CLANG_WARN_OBJC_ROOT_CLASS = YES_ERROR;
				CLANG_WARN_QUOTED_INCLUDE_IN_FRAMEWORK_HEADER = YES;
				CLANG_WARN_RANGE_LOOP_ANALYSIS = YES;
				CLANG_WARN_STRICT_PROTOTYPES = YES;
				CLANG_WARN_SUSPICIOUS_MOVE = YES;
				CLANG_WARN_UNGUARDED_AVAILABILITY = YES_AGGRESSIVE;
				CLANG_WARN_UNREACHABLE_CODE = YES;
				CLANG_WARN__DUPLICATE_METHOD_MATCH = YES;
				COPY_PHASE_STRIP = NO;
				DEBUG_INFORMATION_FORMAT = "dwarf-with-dsym";
				ENABLE_NS_ASSERTIONS = NO;
				ENABLE_STRICT_OBJC_MSGSEND = YES;
				GCC_C_LANGUAGE_STANDARD = gnu11;
				GCC_NO_COMMON_BLOCKS = YES;
				GCC_WARN_64_TO_32_BIT_CONVERSION = YES;
				GCC_WARN_ABOUT_RETURN_TYPE = YES_ERROR;
				GCC_WARN_UNDECLARED_SELECTOR = YES;
				GCC_WARN_UNINITIALIZED_AUTOS = YES_AGGRESSIVE;
				GCC_WARN_UNUSED_FUNCTION = YES;
				GCC_WARN_UNUSED_VARIABLE = YES;
				IPHONEOS_DEPLOYMENT_TARGET = 16.1;
				MTL_ENABLE_DEBUG_INFO = NO;
				MTL_FAST_MATH = YES;
				SDKROOT = iphoneos;
				SWIFT_COMPILATION_MODE = wholemodule;
				SWIFT_OPTIMIZATION_LEVEL = "-O";
				VALIDATE_PRODUCT = YES;
			};
			name = Release;
		};
		04A669952A893B2400F53E4E /* Debug */ = {
			isa = XCBuildConfiguration;
			buildSettings = {
				ASSETCATALOG_COMPILER_APPICON_NAME = AppIcon;
				ASSETCATALOG_COMPILER_GLOBAL_ACCENT_COLOR_NAME = AccentColor;
				CODE_SIGN_STYLE = Automatic;
				CURRENT_PROJECT_VERSION = 1;
				DEVELOPMENT_TEAM = 3KB9H7FNZB;
				GENERATE_INFOPLIST_FILE = YES;
				INFOPLIST_FILE = "Bitcoin Price Ticker_iOS/Info.plist";
				INFOPLIST_KEY_UIApplicationSupportsIndirectInputEvents = YES;
				INFOPLIST_KEY_UILaunchStoryboardName = LaunchScreen;
				INFOPLIST_KEY_UIMainStoryboardFile = Main;
				INFOPLIST_KEY_UISupportedInterfaceOrientations_iPad = "UIInterfaceOrientationPortrait UIInterfaceOrientationPortraitUpsideDown UIInterfaceOrientationLandscapeLeft UIInterfaceOrientationLandscapeRight";
				INFOPLIST_KEY_UISupportedInterfaceOrientations_iPhone = "UIInterfaceOrientationPortrait UIInterfaceOrientationLandscapeLeft UIInterfaceOrientationLandscapeRight";
				LD_RUNPATH_SEARCH_PATHS = (
					"$(inherited)",
					"@executable_path/Frameworks",
				);
				MARKETING_VERSION = 1.0;
				PRODUCT_BUNDLE_IDENTIFIER = "com.sadia.Bitcoin-Price-Ticker-iOS";
				PRODUCT_NAME = "$(TARGET_NAME)";
				SUPPORTED_PLATFORMS = "iphoneos iphonesimulator";
				SUPPORTS_MACCATALYST = NO;
				SUPPORTS_MAC_DESIGNED_FOR_IPHONE_IPAD = NO;
				SWIFT_EMIT_LOC_STRINGS = YES;
				SWIFT_VERSION = 5.0;
				TARGETED_DEVICE_FAMILY = 1;
			};
			name = Debug;
		};
		04A669962A893B2400F53E4E /* Release */ = {
			isa = XCBuildConfiguration;
			buildSettings = {
				ASSETCATALOG_COMPILER_APPICON_NAME = AppIcon;
				ASSETCATALOG_COMPILER_GLOBAL_ACCENT_COLOR_NAME = AccentColor;
				CODE_SIGN_STYLE = Automatic;
				CURRENT_PROJECT_VERSION = 1;
				DEVELOPMENT_TEAM = 3KB9H7FNZB;
				GENERATE_INFOPLIST_FILE = YES;
				INFOPLIST_FILE = "Bitcoin Price Ticker_iOS/Info.plist";
				INFOPLIST_KEY_UIApplicationSupportsIndirectInputEvents = YES;
				INFOPLIST_KEY_UILaunchStoryboardName = LaunchScreen;
				INFOPLIST_KEY_UIMainStoryboardFile = Main;
				INFOPLIST_KEY_UISupportedInterfaceOrientations_iPad = "UIInterfaceOrientationPortrait UIInterfaceOrientationPortraitUpsideDown UIInterfaceOrientationLandscapeLeft UIInterfaceOrientationLandscapeRight";
				INFOPLIST_KEY_UISupportedInterfaceOrientations_iPhone = "UIInterfaceOrientationPortrait UIInterfaceOrientationLandscapeLeft UIInterfaceOrientationLandscapeRight";
				LD_RUNPATH_SEARCH_PATHS = (
					"$(inherited)",
					"@executable_path/Frameworks",
				);
				MARKETING_VERSION = 1.0;
				PRODUCT_BUNDLE_IDENTIFIER = "com.sadia.Bitcoin-Price-Ticker-iOS";
				PRODUCT_NAME = "$(TARGET_NAME)";
				SUPPORTED_PLATFORMS = "iphoneos iphonesimulator";
				SUPPORTS_MACCATALYST = NO;
				SUPPORTS_MAC_DESIGNED_FOR_IPHONE_IPAD = NO;
				SWIFT_EMIT_LOC_STRINGS = YES;
				SWIFT_VERSION = 5.0;
				TARGETED_DEVICE_FAMILY = 1;
			};
			name = Release;
		};
/* End XCBuildConfiguration section */

/* Begin XCConfigurationList section */
		04A6697B2A893B2200F53E4E /* Build configuration list for PBXProject "Bitcoin Price Ticker_iOS" */ = {
			isa = XCConfigurationList;
			buildConfigurations = (
				04A669922A893B2400F53E4E /* Debug */,
				04A669932A893B2400F53E4E /* Release */,
			);
			defaultConfigurationIsVisible = 0;
			defaultConfigurationName = Release;
		};
		04A669942A893B2400F53E4E /* Build configuration list for PBXNativeTarget "Bitcoin Price Ticker_iOS" */ = {
			isa = XCConfigurationList;
			buildConfigurations = (
				04A669952A893B2400F53E4E /* Debug */,
				04A669962A893B2400F53E4E /* Release */,
			);
			defaultConfigurationIsVisible = 0;
			defaultConfigurationName = Release;
		};
/* End XCConfigurationList section */
	};
	rootObject = 04A669782A893B2200F53E4E /* Project object */;
}
